
Microsoft Visual Studio Solution File, Format Version 12.00
# Visual Studio Version 16
VisualStudioVersion = 16.0.30413.136
MinimumVisualStudioVersion = 10.0.40219.1
Project("{FAE04EC0-301F-11D3-BF4B-00C04F79EFBC}") = "GestionObras", "GestionObras\GestionObras.csproj", "{7C43DDE5-D950-4158-803A-EE6F1DDDBDA3}"
EndProject
Global
	GlobalSection(SolutionConfigurationPlatforms) = preSolution
		Debug|Any CPU = Debug|Any CPU
		Release|Any CPU = Release|Any CPU
	EndGlobalSection
	GlobalSection(ProjectConfigurationPlatforms) = postSolution
		{7C43DDE5-D950-4158-803A-EE6F1DDDBDA3}.Debug|Any CPU.ActiveCfg = Debug|Any CPU
		{7C43DDE5-D950-4158-803A-EE6F1DDDBDA3}.Debug|Any CPU.Build.0 = Debug|Any CPU
		{7C43DDE5-D950-4158-803A-EE6F1DDDBDA3}.Release|Any CPU.ActiveCfg = Release|Any CPU
		{7C43DDE5-D950-4158-803A-EE6F1DDDBDA3}.Release|Any CPU.Build.0 = Release|Any CPU
	EndGlobalSection
	GlobalSection(SolutionProperties) = preSolution
		HideSolutionNode = FALSE
	EndGlobalSection
	GlobalSection(ExtensibilityGlobals) = postSolution
		SolutionGuid = {86413103-1E12-41EA-A9A6-0C76DDEA7B54}
	EndGlobalSection
EndGlobal
